
Microsoft Visual Studio Solution File, Format Version 12.00
# Visual Studio Version 17
VisualStudioVersion = 17.14.37216.2 d17.14
MinimumVisualStudioVersion = 10.0.40219.1
Project("{8BC9CEB8-8B4A-11D0-8D11-00A0C91BC942}") = "动规练习（力扣446）", "动规练习（力扣446）\动规练习（力扣446）.vcxproj", "{AA166046-D76F-4E55-81D6-3480ACFD15E0}"
EndProject
Global
	GlobalSection(SolutionConfigurationPlatforms) = preSolution
		Debug|x64 = Debug|x64
		Debug|x86 = Debug|x86
		Release|x64 = Release|x64
		Release|x86 = Release|x86
	EndGlobalSection
	GlobalSection(ProjectConfigurationPlatforms) = postSolution
		{AA166046-D76F-4E55-81D6-3480ACFD15E0}.Debug|x64.ActiveCfg = Debug|x64
		{AA166046-D76F-4E55-81D6-3480ACFD15E0}.Debug|x64.Build.0 = Debug|x64
		{AA166046-D76F-4E55-81D6-3480ACFD15E0}.Debug|x86.ActiveCfg = Debug|Win32
		{AA166046-D76F-4E55-81D6-3480ACFD15E0}.Debug|x86.Build.0 = Debug|Win32
		{AA166046-D76F-4E55-81D6-3480ACFD15E0}.Release|x64.ActiveCfg = Release|x64
		{AA166046-D76F-4E55-81D6-3480ACFD15E0}.Release|x64.Build.0 = Release|x64
		{AA166046-D76F-4E55-81D6-3480ACFD15E0}.Release|x86.ActiveCfg = Release|Win32
		{AA166046-D76F-4E55-81D6-3480ACFD15E0}.Release|x86.Build.0 = Release|Win32
	EndGlobalSection
	GlobalSection(SolutionProperties) = preSolution
		HideSolutionNode = FALSE
	EndGlobalSection
	GlobalSection(ExtensibilityGlobals) = postSolution
		SolutionGuid = {F818FB34-F4C1-4A24-B1DB-0393B57464B1}
	EndGlobalSection
EndGlobal
