
Microsoft Visual Studio Solution File, Format Version 12.00
# Visual Studio Version 17
VisualStudioVersion = 17.14.36310.24 d17.14
MinimumVisualStudioVersion = 10.0.40219.1
Project("{8BC9CEB8-8B4A-11D0-8D11-00A0C91BC942}") = "递归练习（力扣51）", "递归练习（力扣51）\递归练习（力扣51）.vcxproj", "{12DFC8BF-F22C-4858-8478-5C9F1AF0CA66}"
EndProject
Global
	GlobalSection(SolutionConfigurationPlatforms) = preSolution
		Debug|x64 = Debug|x64
		Debug|x86 = Debug|x86
		Release|x64 = Release|x64
		Release|x86 = Release|x86
	EndGlobalSection
	GlobalSection(ProjectConfigurationPlatforms) = postSolution
		{12DFC8BF-F22C-4858-8478-5C9F1AF0CA66}.Debug|x64.ActiveCfg = Debug|x64
		{12DFC8BF-F22C-4858-8478-5C9F1AF0CA66}.Debug|x64.Build.0 = Debug|x64
		{12DFC8BF-F22C-4858-8478-5C9F1AF0CA66}.Debug|x86.ActiveCfg = Debug|Win32
		{12DFC8BF-F22C-4858-8478-5C9F1AF0CA66}.Debug|x86.Build.0 = Debug|Win32
		{12DFC8BF-F22C-4858-8478-5C9F1AF0CA66}.Release|x64.ActiveCfg = Release|x64
		{12DFC8BF-F22C-4858-8478-5C9F1AF0CA66}.Release|x64.Build.0 = Release|x64
		{12DFC8BF-F22C-4858-8478-5C9F1AF0CA66}.Release|x86.ActiveCfg = Release|Win32
		{12DFC8BF-F22C-4858-8478-5C9F1AF0CA66}.Release|x86.Build.0 = Release|Win32
	EndGlobalSection
	GlobalSection(SolutionProperties) = preSolution
		HideSolutionNode = FALSE
	EndGlobalSection
	GlobalSection(ExtensibilityGlobals) = postSolution
		SolutionGuid = {C701D5FD-40E0-44F4-9309-CED7761B0922}
	EndGlobalSection
EndGlobal
