
Microsoft Visual Studio Solution File, Format Version 12.00
# Visual Studio Version 17
VisualStudioVersion = 17.14.36414.22 d17.14
MinimumVisualStudioVersion = 10.0.40219.1
Project("{8BC9CEB8-8B4A-11D0-8D11-00A0C91BC942}") = "拓扑排序练习（力扣207）", "拓扑排序练习（力扣207）\拓扑排序练习（力扣207）.vcxproj", "{6588549D-34CA-4313-B1AC-FACCF942591D}"
EndProject
Global
	GlobalSection(SolutionConfigurationPlatforms) = preSolution
		Debug|x64 = Debug|x64
		Debug|x86 = Debug|x86
		Release|x64 = Release|x64
		Release|x86 = Release|x86
	EndGlobalSection
	GlobalSection(ProjectConfigurationPlatforms) = postSolution
		{6588549D-34CA-4313-B1AC-FACCF942591D}.Debug|x64.ActiveCfg = Debug|x64
		{6588549D-34CA-4313-B1AC-FACCF942591D}.Debug|x64.Build.0 = Debug|x64
		{6588549D-34CA-4313-B1AC-FACCF942591D}.Debug|x86.ActiveCfg = Debug|Win32
		{6588549D-34CA-4313-B1AC-FACCF942591D}.Debug|x86.Build.0 = Debug|Win32
		{6588549D-34CA-4313-B1AC-FACCF942591D}.Release|x64.ActiveCfg = Release|x64
		{6588549D-34CA-4313-B1AC-FACCF942591D}.Release|x64.Build.0 = Release|x64
		{6588549D-34CA-4313-B1AC-FACCF942591D}.Release|x86.ActiveCfg = Release|Win32
		{6588549D-34CA-4313-B1AC-FACCF942591D}.Release|x86.Build.0 = Release|Win32
	EndGlobalSection
	GlobalSection(SolutionProperties) = preSolution
		HideSolutionNode = FALSE
	EndGlobalSection
	GlobalSection(ExtensibilityGlobals) = postSolution
		SolutionGuid = {DF04D748-B6DC-4B5A-80F6-B51364D485F0}
	EndGlobalSection
EndGlobal
