
Microsoft Visual Studio Solution File, Format Version 12.00
# Visual Studio Version 17
VisualStudioVersion = 17.11.35303.130
MinimumVisualStudioVersion = 10.0.40219.1
Project("{8BC9CEB8-8B4A-11D0-8D11-00A0C91BC942}") = "栈练习（力扣227）", "栈练习（力扣227）\栈练习（力扣227）.vcxproj", "{79DD5A7B-7C22-4203-A99D-91E45748B810}"
EndProject
Global
	GlobalSection(SolutionConfigurationPlatforms) = preSolution
		Debug|x64 = Debug|x64
		Debug|x86 = Debug|x86
		Release|x64 = Release|x64
		Release|x86 = Release|x86
	EndGlobalSection
	GlobalSection(ProjectConfigurationPlatforms) = postSolution
		{79DD5A7B-7C22-4203-A99D-91E45748B810}.Debug|x64.ActiveCfg = Debug|x64
		{79DD5A7B-7C22-4203-A99D-91E45748B810}.Debug|x64.Build.0 = Debug|x64
		{79DD5A7B-7C22-4203-A99D-91E45748B810}.Debug|x86.ActiveCfg = Debug|Win32
		{79DD5A7B-7C22-4203-A99D-91E45748B810}.Debug|x86.Build.0 = Debug|Win32
		{79DD5A7B-7C22-4203-A99D-91E45748B810}.Release|x64.ActiveCfg = Release|x64
		{79DD5A7B-7C22-4203-A99D-91E45748B810}.Release|x64.Build.0 = Release|x64
		{79DD5A7B-7C22-4203-A99D-91E45748B810}.Release|x86.ActiveCfg = Release|Win32
		{79DD5A7B-7C22-4203-A99D-91E45748B810}.Release|x86.Build.0 = Release|Win32
	EndGlobalSection
	GlobalSection(SolutionProperties) = preSolution
		HideSolutionNode = FALSE
	EndGlobalSection
	GlobalSection(ExtensibilityGlobals) = postSolution
		SolutionGuid = {85FB0F0B-1B77-48AA-B26E-4AEE22375AA3}
	EndGlobalSection
EndGlobal
