
Microsoft Visual Studio Solution File, Format Version 12.00
# Visual Studio Version 17
VisualStudioVersion = 17.11.35303.130
MinimumVisualStudioVersion = 10.0.40219.1
Project("{8BC9CEB8-8B4A-11D0-8D11-00A0C91BC942}") = "链表练习（力扣206）", "链表练习（力扣206）\链表练习（力扣206）.vcxproj", "{00D5F78F-CB1A-4188-8E6C-14A961C50BE6}"
EndProject
Global
	GlobalSection(SolutionConfigurationPlatforms) = preSolution
		Debug|x64 = Debug|x64
		Debug|x86 = Debug|x86
		Release|x64 = Release|x64
		Release|x86 = Release|x86
	EndGlobalSection
	GlobalSection(ProjectConfigurationPlatforms) = postSolution
		{00D5F78F-CB1A-4188-8E6C-14A961C50BE6}.Debug|x64.ActiveCfg = Debug|x64
		{00D5F78F-CB1A-4188-8E6C-14A961C50BE6}.Debug|x64.Build.0 = Debug|x64
		{00D5F78F-CB1A-4188-8E6C-14A961C50BE6}.Debug|x86.ActiveCfg = Debug|Win32
		{00D5F78F-CB1A-4188-8E6C-14A961C50BE6}.Debug|x86.Build.0 = Debug|Win32
		{00D5F78F-CB1A-4188-8E6C-14A961C50BE6}.Release|x64.ActiveCfg = Release|x64
		{00D5F78F-CB1A-4188-8E6C-14A961C50BE6}.Release|x64.Build.0 = Release|x64
		{00D5F78F-CB1A-4188-8E6C-14A961C50BE6}.Release|x86.ActiveCfg = Release|Win32
		{00D5F78F-CB1A-4188-8E6C-14A961C50BE6}.Release|x86.Build.0 = Release|Win32
	EndGlobalSection
	GlobalSection(SolutionProperties) = preSolution
		HideSolutionNode = FALSE
	EndGlobalSection
	GlobalSection(ExtensibilityGlobals) = postSolution
		SolutionGuid = {7930E27F-A3CB-4200-BC75-8F13522CA116}
	EndGlobalSection
EndGlobal
