
Microsoft Visual Studio Solution File, Format Version 12.00
# Visual Studio Version 17
VisualStudioVersion = 17.11.35303.130
MinimumVisualStudioVersion = 10.0.40219.1
Project("{8BC9CEB8-8B4A-11D0-8D11-00A0C91BC942}") = "力扣461", "力扣461\力扣461.vcxproj", "{D16E73C7-D167-42E5-A8B7-ACC1BD4F48CB}"
EndProject
Global
	GlobalSection(SolutionConfigurationPlatforms) = preSolution
		Debug|x64 = Debug|x64
		Debug|x86 = Debug|x86
		Release|x64 = Release|x64
		Release|x86 = Release|x86
	EndGlobalSection
	GlobalSection(ProjectConfigurationPlatforms) = postSolution
		{D16E73C7-D167-42E5-A8B7-ACC1BD4F48CB}.Debug|x64.ActiveCfg = Debug|x64
		{D16E73C7-D167-42E5-A8B7-ACC1BD4F48CB}.Debug|x64.Build.0 = Debug|x64
		{D16E73C7-D167-42E5-A8B7-ACC1BD4F48CB}.Debug|x86.ActiveCfg = Debug|Win32
		{D16E73C7-D167-42E5-A8B7-ACC1BD4F48CB}.Debug|x86.Build.0 = Debug|Win32
		{D16E73C7-D167-42E5-A8B7-ACC1BD4F48CB}.Release|x64.ActiveCfg = Release|x64
		{D16E73C7-D167-42E5-A8B7-ACC1BD4F48CB}.Release|x64.Build.0 = Release|x64
		{D16E73C7-D167-42E5-A8B7-ACC1BD4F48CB}.Release|x86.ActiveCfg = Release|Win32
		{D16E73C7-D167-42E5-A8B7-ACC1BD4F48CB}.Release|x86.Build.0 = Release|Win32
	EndGlobalSection
	GlobalSection(SolutionProperties) = preSolution
		HideSolutionNode = FALSE
	EndGlobalSection
	GlobalSection(ExtensibilityGlobals) = postSolution
		SolutionGuid = {797CF340-007B-473B-8714-A10B96A937A8}
	EndGlobalSection
EndGlobal
