
Microsoft Visual Studio Solution File, Format Version 12.00
# Visual Studio Version 17
VisualStudioVersion = 17.14.36616.10 d17.14
MinimumVisualStudioVersion = 10.0.40219.1
Project("{8BC9CEB8-8B4A-11D0-8D11-00A0C91BC942}") = "每日一练（力扣160）", "每日一练（力扣160）\每日一练（力扣160）.vcxproj", "{0C2DAF0A-023C-4B9C-BA62-DF81BCB09D4D}"
EndProject
Global
	GlobalSection(SolutionConfigurationPlatforms) = preSolution
		Debug|x64 = Debug|x64
		Debug|x86 = Debug|x86
		Release|x64 = Release|x64
		Release|x86 = Release|x86
	EndGlobalSection
	GlobalSection(ProjectConfigurationPlatforms) = postSolution
		{0C2DAF0A-023C-4B9C-BA62-DF81BCB09D4D}.Debug|x64.ActiveCfg = Debug|x64
		{0C2DAF0A-023C-4B9C-BA62-DF81BCB09D4D}.Debug|x64.Build.0 = Debug|x64
		{0C2DAF0A-023C-4B9C-BA62-DF81BCB09D4D}.Debug|x86.ActiveCfg = Debug|Win32
		{0C2DAF0A-023C-4B9C-BA62-DF81BCB09D4D}.Debug|x86.Build.0 = Debug|Win32
		{0C2DAF0A-023C-4B9C-BA62-DF81BCB09D4D}.Release|x64.ActiveCfg = Release|x64
		{0C2DAF0A-023C-4B9C-BA62-DF81BCB09D4D}.Release|x64.Build.0 = Release|x64
		{0C2DAF0A-023C-4B9C-BA62-DF81BCB09D4D}.Release|x86.ActiveCfg = Release|Win32
		{0C2DAF0A-023C-4B9C-BA62-DF81BCB09D4D}.Release|x86.Build.0 = Release|Win32
	EndGlobalSection
	GlobalSection(SolutionProperties) = preSolution
		HideSolutionNode = FALSE
	EndGlobalSection
	GlobalSection(ExtensibilityGlobals) = postSolution
		SolutionGuid = {679FBA95-3EB7-4AE2-95A8-D014EE041409}
	EndGlobalSection
EndGlobal
